
Microsoft Visual Studio Solution File, Format Version 12.00
# Visual Studio Version 17
VisualStudioVersion = 17.6.33829.357
MinimumVisualStudioVersion = 10.0.40219.1
Project("{FAE04EC0-301F-11D3-BF4B-00C04F79EFBC}") = "ARIL", "ARIL.csproj", "{97001C74-3E37-4329-9821-3043D9B5AE9A}"
EndProject
Global
	GlobalSection(SolutionConfigurationPlatforms) = preSolution
		Debug|Any CPU = Debug|Any CPU
		Release|Any CPU = Release|Any CPU
	EndGlobalSection
	GlobalSection(ProjectConfigurationPlatforms) = postSolution
		{97001C74-3E37-4329-9821-3043D9B5AE9A}.Debug|Any CPU.ActiveCfg = Debug|Any CPU
		{97001C74-3E37-4329-9821-3043D9B5AE9A}.Debug|Any CPU.Build.0 = Debug|Any CPU
		{97001C74-3E37-4329-9821-3043D9B5AE9A}.Release|Any CPU.ActiveCfg = Release|Any CPU
		{97001C74-3E37-4329-9821-3043D9B5AE9A}.Release|Any CPU.Build.0 = Release|Any CPU
	EndGlobalSection
	GlobalSection(SolutionProperties) = preSolution
		HideSolutionNode = FALSE
	EndGlobalSection
	GlobalSection(ExtensibilityGlobals) = postSolution
		SolutionGuid = {A29FD35D-1371-4DE2-AC5C-4A38428B0A01}
	EndGlobalSection
EndGlobal
